
Microsoft Visual Studio Solution File, Format Version 12.00
# Visual Studio Version 17
VisualStudioVersion = 17.9.34728.123
MinimumVisualStudioVersion = 10.0.40219.1
Project("{FAE04EC0-301F-11D3-BF4B-00C04F79EFBC}") = "OrderApplication", "OrderApplication.csproj", "{9F155B23-59AB-4DA5-9DCB-A7A8801A5EDA}"
EndProject
Global
	GlobalSection(SolutionConfigurationPlatforms) = preSolution
		Debug|Any CPU = Debug|Any CPU
		Release|Any CPU = Release|Any CPU
	EndGlobalSection
	GlobalSection(ProjectConfigurationPlatforms) = postSolution
		{9F155B23-59AB-4DA5-9DCB-A7A8801A5EDA}.Debug|Any CPU.ActiveCfg = Debug|Any CPU
		{9F155B23-59AB-4DA5-9DCB-A7A8801A5EDA}.Debug|Any CPU.Build.0 = Debug|Any CPU
		{9F155B23-59AB-4DA5-9DCB-A7A8801A5EDA}.Release|Any CPU.ActiveCfg = Release|Any CPU
		{9F155B23-59AB-4DA5-9DCB-A7A8801A5EDA}.Release|Any CPU.Build.0 = Release|Any CPU
	EndGlobalSection
	GlobalSection(SolutionProperties) = preSolution
		HideSolutionNode = FALSE
	EndGlobalSection
	GlobalSection(ExtensibilityGlobals) = postSolution
		SolutionGuid = {1F54DFED-0F4D-42D0-BC89-CBB29746A91A}
	EndGlobalSection
EndGlobal
